
Microsoft Visual Studio Solution File, Format Version 12.00
# Visual Studio Version 17
VisualStudioVersion = 17.7.34202.233
MinimumVisualStudioVersion = 10.0.40219.1
Project("{2150E333-8FDC-42A3-9474-1A3956D46DE8}") = "GateWay", "GateWay", "{101B16E8-0962-4FA2-8B78-ED48DE89F1B8}"
EndProject
Project("{2150E333-8FDC-42A3-9474-1A3956D46DE8}") = "FrontEnd", "FrontEnd", "{B38FE691-743B-4316-9B32-B6EBF2A6F2C5}"
EndProject
Project("{2150E333-8FDC-42A3-9474-1A3956D46DE8}") = "Services", "Services", "{4BC9BD6E-BEB0-4329-96F9-BB4F92B8B397}"
EndProject
Project("{2150E333-8FDC-42A3-9474-1A3956D46DE8}") = "Integration", "Integration", "{E7FBA8BC-A81E-40D0-8D22-4F69E09A84AF}"
EndProject
Project("{9A19103F-16F7-4668-BE54-9A1E7A4F7556}") = "E-Market.Services.CouponAPI", "E-Market.Services.CouponAPI\E-Market.Services.CouponAPI.csproj", "{358C1D78-B497-4531-843E-74215DAD505D}"
EndProject
Project("{9A19103F-16F7-4668-BE54-9A1E7A4F7556}") = "E_MarketStore", "E_MarketStore\E_MarketStore.csproj", "{4AD6166C-A5F7-40B7-8205-8BE4649D5CF6}"
EndProject
Project("{9A19103F-16F7-4668-BE54-9A1E7A4F7556}") = "E-Market.Services.AuthAPI", "E_Market.Services.AuthAPI\E-Market.Services.AuthAPI.csproj", "{2861E328-0807-4E7B-B1A7-682342DDFC3D}"
EndProject
Global
	GlobalSection(SolutionConfigurationPlatforms) = preSolution
		Debug|Any CPU = Debug|Any CPU
		Release|Any CPU = Release|Any CPU
	EndGlobalSection
	GlobalSection(ProjectConfigurationPlatforms) = postSolution
		{358C1D78-B497-4531-843E-74215DAD505D}.Debug|Any CPU.ActiveCfg = Debug|Any CPU
		{358C1D78-B497-4531-843E-74215DAD505D}.Debug|Any CPU.Build.0 = Debug|Any CPU
		{358C1D78-B497-4531-843E-74215DAD505D}.Release|Any CPU.ActiveCfg = Release|Any CPU
		{358C1D78-B497-4531-843E-74215DAD505D}.Release|Any CPU.Build.0 = Release|Any CPU
		{4AD6166C-A5F7-40B7-8205-8BE4649D5CF6}.Debug|Any CPU.ActiveCfg = Debug|Any CPU
		{4AD6166C-A5F7-40B7-8205-8BE4649D5CF6}.Debug|Any CPU.Build.0 = Debug|Any CPU
		{4AD6166C-A5F7-40B7-8205-8BE4649D5CF6}.Release|Any CPU.ActiveCfg = Release|Any CPU
		{4AD6166C-A5F7-40B7-8205-8BE4649D5CF6}.Release|Any CPU.Build.0 = Release|Any CPU
		{2861E328-0807-4E7B-B1A7-682342DDFC3D}.Debug|Any CPU.ActiveCfg = Debug|Any CPU
		{2861E328-0807-4E7B-B1A7-682342DDFC3D}.Debug|Any CPU.Build.0 = Debug|Any CPU
		{2861E328-0807-4E7B-B1A7-682342DDFC3D}.Release|Any CPU.ActiveCfg = Release|Any CPU
		{2861E328-0807-4E7B-B1A7-682342DDFC3D}.Release|Any CPU.Build.0 = Release|Any CPU
	EndGlobalSection
	GlobalSection(SolutionProperties) = preSolution
		HideSolutionNode = FALSE
	EndGlobalSection
	GlobalSection(NestedProjects) = preSolution
		{358C1D78-B497-4531-843E-74215DAD505D} = {4BC9BD6E-BEB0-4329-96F9-BB4F92B8B397}
		{4AD6166C-A5F7-40B7-8205-8BE4649D5CF6} = {B38FE691-743B-4316-9B32-B6EBF2A6F2C5}
		{2861E328-0807-4E7B-B1A7-682342DDFC3D} = {4BC9BD6E-BEB0-4329-96F9-BB4F92B8B397}
	EndGlobalSection
	GlobalSection(ExtensibilityGlobals) = postSolution
		SolutionGuid = {470D9ABA-83FE-4B3D-9562-ADDA84A468DE}
	EndGlobalSection
EndGlobal
