
Microsoft Visual Studio Solution File, Format Version 12.00
# Visual Studio Version 17
VisualStudioVersion = 17.7.34202.233
MinimumVisualStudioVersion = 10.0.40219.1
Project("{2150E333-8FDC-42A3-9474-1A3956D46DE8}") = "GateWay", "GateWay", "{101B16E8-0962-4FA2-8B78-ED48DE89F1B8}"
EndProject
Project("{2150E333-8FDC-42A3-9474-1A3956D46DE8}") = "FrontEnd", "FrontEnd", "{B38FE691-743B-4316-9B32-B6EBF2A6F2C5}"
EndProject
Project("{2150E333-8FDC-42A3-9474-1A3956D46DE8}") = "Services", "Services", "{4BC9BD6E-BEB0-4329-96F9-BB4F92B8B397}"
EndProject
Project("{2150E333-8FDC-42A3-9474-1A3956D46DE8}") = "Integration", "Integration", "{E7FBA8BC-A81E-40D0-8D22-4F69E09A84AF}"
EndProject
Project("{9A19103F-16F7-4668-BE54-9A1E7A4F7556}") = "E-Market.Services.CouponAPI", "E-Market.Services.CouponAPI\E-Market.Services.CouponAPI.csproj", "{358C1D78-B497-4531-843E-74215DAD505D}"
EndProject
Project("{9A19103F-16F7-4668-BE54-9A1E7A4F7556}") = "E_Market.Services.AuthAPI", "E_Market.Services.AuthAPI\E_Market.Services.AuthAPI.csproj", "{2861E328-0807-4E7B-B1A7-682342DDFC3D}"
EndProject
Project("{9A19103F-16F7-4668-BE54-9A1E7A4F7556}") = "E_MarketStore.Web", "E_MarketStore.Web\E_MarketStore.Web.csproj", "{40A26496-E49D-4519-88AC-FC3DBD6FDE49}"
EndProject
Project("{9A19103F-16F7-4668-BE54-9A1E7A4F7556}") = "E_MarketStoreProductAPI", "E_MarketStoreProductAPI\E_MarketStoreProductAPI.csproj", "{D2D71478-5A90-4903-8F55-3D5A85FAE7BD}"
EndProject
Project("{9A19103F-16F7-4668-BE54-9A1E7A4F7556}") = "E_MarketStore.Services.ShoppingCartAPI", "E_MarketStore.Services.ShoppingCartAPI\E_MarketStore.Services.ShoppingCartAPI.csproj", "{D8978539-0B7D-4811-8CFA-3E6E8B38AD78}"
EndProject
Project("{9A19103F-16F7-4668-BE54-9A1E7A4F7556}") = "E_MarketStore.MessageBus", "E_MarketStore.MessageBus\E_MarketStore.MessageBus.csproj", "{0396181E-24B6-478C-ACDF-D0CC730BFD1D}"
EndProject
Project("{9A19103F-16F7-4668-BE54-9A1E7A4F7556}") = "E_MarketStore.Services.EmailAPI", "E_MarketStore.Services.EmailAPI\E_MarketStore.Services.EmailAPI.csproj", "{FD1C8599-A539-49C1-B343-91C7462E3ADD}"
EndProject
Project("{FAE04EC0-301F-11D3-BF4B-00C04F79EFBC}") = "E_MarketStore.Services.OrderAPI", "E_MarketStore.Services.OrderAPI\E_MarketStore.Services.OrderAPI.csproj", "{398D38DF-446A-46E9-A2C7-FA3A347184C6}"
EndProject
Global
	GlobalSection(SolutionConfigurationPlatforms) = preSolution
		Debug|Any CPU = Debug|Any CPU
		Release|Any CPU = Release|Any CPU
	EndGlobalSection
	GlobalSection(ProjectConfigurationPlatforms) = postSolution
		{358C1D78-B497-4531-843E-74215DAD505D}.Debug|Any CPU.ActiveCfg = Debug|Any CPU
		{358C1D78-B497-4531-843E-74215DAD505D}.Debug|Any CPU.Build.0 = Debug|Any CPU
		{358C1D78-B497-4531-843E-74215DAD505D}.Release|Any CPU.ActiveCfg = Release|Any CPU
		{358C1D78-B497-4531-843E-74215DAD505D}.Release|Any CPU.Build.0 = Release|Any CPU
		{2861E328-0807-4E7B-B1A7-682342DDFC3D}.Debug|Any CPU.ActiveCfg = Debug|Any CPU
		{2861E328-0807-4E7B-B1A7-682342DDFC3D}.Debug|Any CPU.Build.0 = Debug|Any CPU
		{2861E328-0807-4E7B-B1A7-682342DDFC3D}.Release|Any CPU.ActiveCfg = Release|Any CPU
		{2861E328-0807-4E7B-B1A7-682342DDFC3D}.Release|Any CPU.Build.0 = Release|Any CPU
		{40A26496-E49D-4519-88AC-FC3DBD6FDE49}.Debug|Any CPU.ActiveCfg = Debug|Any CPU
		{40A26496-E49D-4519-88AC-FC3DBD6FDE49}.Debug|Any CPU.Build.0 = Debug|Any CPU
		{40A26496-E49D-4519-88AC-FC3DBD6FDE49}.Release|Any CPU.ActiveCfg = Release|Any CPU
		{40A26496-E49D-4519-88AC-FC3DBD6FDE49}.Release|Any CPU.Build.0 = Release|Any CPU
		{D2D71478-5A90-4903-8F55-3D5A85FAE7BD}.Debug|Any CPU.ActiveCfg = Debug|Any CPU
		{D2D71478-5A90-4903-8F55-3D5A85FAE7BD}.Debug|Any CPU.Build.0 = Debug|Any CPU
		{D2D71478-5A90-4903-8F55-3D5A85FAE7BD}.Release|Any CPU.ActiveCfg = Release|Any CPU
		{D2D71478-5A90-4903-8F55-3D5A85FAE7BD}.Release|Any CPU.Build.0 = Release|Any CPU
		{D8978539-0B7D-4811-8CFA-3E6E8B38AD78}.Debug|Any CPU.ActiveCfg = Debug|Any CPU
		{D8978539-0B7D-4811-8CFA-3E6E8B38AD78}.Debug|Any CPU.Build.0 = Debug|Any CPU
		{D8978539-0B7D-4811-8CFA-3E6E8B38AD78}.Release|Any CPU.ActiveCfg = Release|Any CPU
		{D8978539-0B7D-4811-8CFA-3E6E8B38AD78}.Release|Any CPU.Build.0 = Release|Any CPU
		{0396181E-24B6-478C-ACDF-D0CC730BFD1D}.Debug|Any CPU.ActiveCfg = Debug|Any CPU
		{0396181E-24B6-478C-ACDF-D0CC730BFD1D}.Debug|Any CPU.Build.0 = Debug|Any CPU
		{0396181E-24B6-478C-ACDF-D0CC730BFD1D}.Release|Any CPU.ActiveCfg = Release|Any CPU
		{0396181E-24B6-478C-ACDF-D0CC730BFD1D}.Release|Any CPU.Build.0 = Release|Any CPU
		{FD1C8599-A539-49C1-B343-91C7462E3ADD}.Debug|Any CPU.ActiveCfg = Debug|Any CPU
		{FD1C8599-A539-49C1-B343-91C7462E3ADD}.Debug|Any CPU.Build.0 = Debug|Any CPU
		{FD1C8599-A539-49C1-B343-91C7462E3ADD}.Release|Any CPU.ActiveCfg = Release|Any CPU
		{FD1C8599-A539-49C1-B343-91C7462E3ADD}.Release|Any CPU.Build.0 = Release|Any CPU
		{398D38DF-446A-46E9-A2C7-FA3A347184C6}.Debug|Any CPU.ActiveCfg = Debug|Any CPU
		{398D38DF-446A-46E9-A2C7-FA3A347184C6}.Debug|Any CPU.Build.0 = Debug|Any CPU
		{398D38DF-446A-46E9-A2C7-FA3A347184C6}.Release|Any CPU.ActiveCfg = Release|Any CPU
		{398D38DF-446A-46E9-A2C7-FA3A347184C6}.Release|Any CPU.Build.0 = Release|Any CPU
	EndGlobalSection
	GlobalSection(SolutionProperties) = preSolution
		HideSolutionNode = FALSE
	EndGlobalSection
	GlobalSection(NestedProjects) = preSolution
		{358C1D78-B497-4531-843E-74215DAD505D} = {4BC9BD6E-BEB0-4329-96F9-BB4F92B8B397}
		{2861E328-0807-4E7B-B1A7-682342DDFC3D} = {4BC9BD6E-BEB0-4329-96F9-BB4F92B8B397}
		{40A26496-E49D-4519-88AC-FC3DBD6FDE49} = {B38FE691-743B-4316-9B32-B6EBF2A6F2C5}
		{D2D71478-5A90-4903-8F55-3D5A85FAE7BD} = {4BC9BD6E-BEB0-4329-96F9-BB4F92B8B397}
		{D8978539-0B7D-4811-8CFA-3E6E8B38AD78} = {4BC9BD6E-BEB0-4329-96F9-BB4F92B8B397}
		{0396181E-24B6-478C-ACDF-D0CC730BFD1D} = {E7FBA8BC-A81E-40D0-8D22-4F69E09A84AF}
		{FD1C8599-A539-49C1-B343-91C7462E3ADD} = {4BC9BD6E-BEB0-4329-96F9-BB4F92B8B397}
		{398D38DF-446A-46E9-A2C7-FA3A347184C6} = {4BC9BD6E-BEB0-4329-96F9-BB4F92B8B397}
	EndGlobalSection
	GlobalSection(ExtensibilityGlobals) = postSolution
		SolutionGuid = {470D9ABA-83FE-4B3D-9562-ADDA84A468DE}
	EndGlobalSection
EndGlobal
